
Microsoft Visual Studio Solution File, Format Version 12.00
# Visual Studio Version 16
VisualStudioVersion = 16.0.32002.261
MinimumVisualStudioVersion = 10.0.40219.1
Project("{FAE04EC0-301F-11D3-BF4B-00C04F79EFBC}") = "SalesWebMvc", "SalesWebMvc\SalesWebMvc.csproj", "{2621801D-1AAE-4418-BC74-04393F6D7EE3}"
EndProject
Global
	GlobalSection(SolutionConfigurationPlatforms) = preSolution
		Debug|Any CPU = Debug|Any CPU
		Release|Any CPU = Release|Any CPU
	EndGlobalSection
	GlobalSection(ProjectConfigurationPlatforms) = postSolution
		{2621801D-1AAE-4418-BC74-04393F6D7EE3}.Debug|Any CPU.ActiveCfg = Debug|Any CPU
		{2621801D-1AAE-4418-BC74-04393F6D7EE3}.Debug|Any CPU.Build.0 = Debug|Any CPU
		{2621801D-1AAE-4418-BC74-04393F6D7EE3}.Release|Any CPU.ActiveCfg = Release|Any CPU
		{2621801D-1AAE-4418-BC74-04393F6D7EE3}.Release|Any CPU.Build.0 = Release|Any CPU
	EndGlobalSection
	GlobalSection(SolutionProperties) = preSolution
		HideSolutionNode = FALSE
	EndGlobalSection
	GlobalSection(ExtensibilityGlobals) = postSolution
		SolutionGuid = {D001FFCF-B7FE-49F1-AEA9-1638A2A95B42}
	EndGlobalSection
EndGlobal
